
Microsoft Visual Studio Solution File, Format Version 12.00
# Visual Studio Version 17
VisualStudioVersion = 17.9.34701.34
MinimumVisualStudioVersion = 10.0.40219.1
Project("{FAE04EC0-301F-11D3-BF4B-00C04F79EFBC}") = "MaximumTrafficFlow", "MaximumTrafficFlow\MaximumTrafficFlow.csproj", "{4247E78E-D0F2-4FA3-9008-8B6FCD963482}"
EndProject
Project("{FAE04EC0-301F-11D3-BF4B-00C04F79EFBC}") = "GraphMinCutLibrary", "GraphMinCutLibrary\GraphMinCutLibrary.csproj", "{2A3A659B-FD7D-4D91-9FBB-70512ACFA92A}"
EndProject
Global
	GlobalSection(SolutionConfigurationPlatforms) = preSolution
		Debug|Any CPU = Debug|Any CPU
		Release|Any CPU = Release|Any CPU
	EndGlobalSection
	GlobalSection(ProjectConfigurationPlatforms) = postSolution
		{4247E78E-D0F2-4FA3-9008-8B6FCD963482}.Debug|Any CPU.ActiveCfg = Debug|Any CPU
		{4247E78E-D0F2-4FA3-9008-8B6FCD963482}.Debug|Any CPU.Build.0 = Debug|Any CPU
		{4247E78E-D0F2-4FA3-9008-8B6FCD963482}.Release|Any CPU.ActiveCfg = Release|Any CPU
		{4247E78E-D0F2-4FA3-9008-8B6FCD963482}.Release|Any CPU.Build.0 = Release|Any CPU
		{2A3A659B-FD7D-4D91-9FBB-70512ACFA92A}.Debug|Any CPU.ActiveCfg = Debug|Any CPU
		{2A3A659B-FD7D-4D91-9FBB-70512ACFA92A}.Debug|Any CPU.Build.0 = Debug|Any CPU
		{2A3A659B-FD7D-4D91-9FBB-70512ACFA92A}.Release|Any CPU.ActiveCfg = Release|Any CPU
		{2A3A659B-FD7D-4D91-9FBB-70512ACFA92A}.Release|Any CPU.Build.0 = Release|Any CPU
	EndGlobalSection
	GlobalSection(SolutionProperties) = preSolution
		HideSolutionNode = FALSE
	EndGlobalSection
	GlobalSection(ExtensibilityGlobals) = postSolution
		SolutionGuid = {27FF9D06-7C29-4955-94AF-77A092D397CF}
	EndGlobalSection
EndGlobal
